
Microsoft Visual Studio Solution File, Format Version 12.00
# Visual Studio Version 17
VisualStudioVersion = 17.0.31903.59
MinimumVisualStudioVersion = 10.0.40219.1
Project("{2150E333-8FDC-42A3-9474-1A3956D46DE8}") = "src", "src", "{0F8B599A-2AE8-4CB8-BB17-F5B72FFD85E5}"
EndProject
Project("{FAE04EC0-301F-11D3-BF4B-00C04F79EFBC}") = "DevGuides.API", "src\DevGuides.API\DevGuides.API.csproj", "{F15E4F74-DF4A-4668-AEE7-AE1611B2C4E1}"
EndProject
Global
	GlobalSection(SolutionConfigurationPlatforms) = preSolution
		Debug|Any CPU = Debug|Any CPU
		Release|Any CPU = Release|Any CPU
	EndGlobalSection
	GlobalSection(SolutionProperties) = preSolution
		HideSolutionNode = FALSE
	EndGlobalSection
	GlobalSection(ProjectConfigurationPlatforms) = postSolution
		{F15E4F74-DF4A-4668-AEE7-AE1611B2C4E1}.Debug|Any CPU.ActiveCfg = Debug|Any CPU
		{F15E4F74-DF4A-4668-AEE7-AE1611B2C4E1}.Debug|Any CPU.Build.0 = Debug|Any CPU
		{F15E4F74-DF4A-4668-AEE7-AE1611B2C4E1}.Release|Any CPU.ActiveCfg = Release|Any CPU
		{F15E4F74-DF4A-4668-AEE7-AE1611B2C4E1}.Release|Any CPU.Build.0 = Release|Any CPU
	EndGlobalSection
	GlobalSection(NestedProjects) = preSolution
		{F15E4F74-DF4A-4668-AEE7-AE1611B2C4E1} = {0F8B599A-2AE8-4CB8-BB17-F5B72FFD85E5}
	EndGlobalSection
EndGlobal
